// !$*UTF8*$!
{
	archiveVersion = 1;
	classes = {
	};
	objectVersion = 46;
	objects = {

/* Begin PBXBuildFile section */
		0F3C383F1EB9A2DF00F4CB5A /* Main.storyboard in Resources */ = {isa = PBXBuildFile; fileRef = 0F3C383E1EB9A2DF00F4CB5A /* Main.storyboard */; };
		234301421EB33EC600077687 /* GoogleService-Info.plist in Resources */ = {isa = PBXBuildFile; fileRef = 234301411EB33EC600077687 /* GoogleService-Info.plist */; };
		235541C31EB70E98005A469F /* EventFeed.swift in Sources */ = {isa = PBXBuildFile; fileRef = 235541C21EB70E98005A469F /* EventFeed.swift */; };
		235541C61EB71C72005A469F /* constants.swift in Sources */ = {isa = PBXBuildFile; fileRef = 235541C51EB71C72005A469F /* constants.swift */; };
		235541C81EB8082F005A469F /* CurrentUser.swift in Sources */ = {isa = PBXBuildFile; fileRef = 235541C71EB8082F005A469F /* CurrentUser.swift */; };
		2361B0801EB877F800A7D95F /* testGlobalController.swift in Sources */ = {isa = PBXBuildFile; fileRef = 2361B07F1EB877F800A7D95F /* testGlobalController.swift */; };
		2361B0821EB8780D00A7D95F /* testGlobalViewCell.swift in Sources */ = {isa = PBXBuildFile; fileRef = 2361B0811EB8780D00A7D95F /* testGlobalViewCell.swift */; };
		28067684E2098280FE903A99 /* Pods_TFTI_Final_ProjectTests.framework in Frameworks */ = {isa = PBXBuildFile; fileRef = 0151F9674E45984A84B00278 /* Pods_TFTI_Final_ProjectTests.framework */; };
		5A1247081EADDDED00EF2656 /* GlobalViewController.swift in Sources */ = {isa = PBXBuildFile; fileRef = 5A1247071EADDDED00EF2656 /* GlobalViewController.swift */; };
		5A12470A1EADDE0000EF2656 /* PersonalViewController.swift in Sources */ = {isa = PBXBuildFile; fileRef = 5A1247091EADDDFF00EF2656 /* PersonalViewController.swift */; };
		5A12470C1EADDF3E00EF2656 /* GlobalCellViewController.swift in Sources */ = {isa = PBXBuildFile; fileRef = 5A12470B1EADDF3E00EF2656 /* GlobalCellViewController.swift */; };
		5A12470E1EAE10C100EF2656 /* TabBarViewController.swift in Sources */ = {isa = PBXBuildFile; fileRef = 5A12470D1EAE10C100EF2656 /* TabBarViewController.swift */; };
		5A1247101EAE119800EF2656 /* Event.swift in Sources */ = {isa = PBXBuildFile; fileRef = 5A12470F1EAE119800EF2656 /* Event.swift */; };
		5A1247141EAEEBB200EF2656 /* DetailsViewController.swift in Sources */ = {isa = PBXBuildFile; fileRef = 5A1247131EAEEBB200EF2656 /* DetailsViewController.swift */; };
		5A1247161EAEF0F100EF2656 /* PersonalCellViewController.swift in Sources */ = {isa = PBXBuildFile; fileRef = 5A1247151EAEF0F100EF2656 /* PersonalCellViewController.swift */; };
		5A1247181EAEF17E00EF2656 /* CreateViewController.swift in Sources */ = {isa = PBXBuildFile; fileRef = 5A1247171EAEF17E00EF2656 /* CreateViewController.swift */; };
		5A12471A1EAEF2DD00EF2656 /* LoginViewController.swift in Sources */ = {isa = PBXBuildFile; fileRef = 5A1247191EAEF2DD00EF2656 /* LoginViewController.swift */; };
		5A12471C1EAEF2F000EF2656 /* SignupViewController.swift in Sources */ = {isa = PBXBuildFile; fileRef = 5A12471B1EAEF2F000EF2656 /* SignupViewController.swift */; };
		5AFB39E51E9F701D00D84659 /* AppDelegate.swift in Sources */ = {isa = PBXBuildFile; fileRef = 5AFB39E41E9F701D00D84659 /* AppDelegate.swift */; };
		5AFB39E71E9F701D00D84659 /* RootViewController.swift in Sources */ = {isa = PBXBuildFile; fileRef = 5AFB39E61E9F701D00D84659 /* RootViewController.swift */; };
		5AFB39E91E9F701D00D84659 /* DataViewController.swift in Sources */ = {isa = PBXBuildFile; fileRef = 5AFB39E81E9F701D00D84659 /* DataViewController.swift */; };
		5AFB39EB1E9F701D00D84659 /* ModelController.swift in Sources */ = {isa = PBXBuildFile; fileRef = 5AFB39EA1E9F701D00D84659 /* ModelController.swift */; };
		5AFB39F01E9F701D00D84659 /* Assets.xcassets in Resources */ = {isa = PBXBuildFile; fileRef = 5AFB39EF1E9F701D00D84659 /* Assets.xcassets */; };
		5AFB39F31E9F701D00D84659 /* LaunchScreen.storyboard in Resources */ = {isa = PBXBuildFile; fileRef = 5AFB39F11E9F701D00D84659 /* LaunchScreen.storyboard */; };
		5AFB39FE1E9F701E00D84659 /* TFTI_Final_ProjectTests.swift in Sources */ = {isa = PBXBuildFile; fileRef = 5AFB39FD1E9F701E00D84659 /* TFTI_Final_ProjectTests.swift */; };
		5AFB3A091E9F701E00D84659 /* TFTI_Final_ProjectUITests.swift in Sources */ = {isa = PBXBuildFile; fileRef = 5AFB3A081E9F701E00D84659 /* TFTI_Final_ProjectUITests.swift */; };
		5AFB3A1F1E9F782D00D84659 /* eventviewcell.swift in Sources */ = {isa = PBXBuildFile; fileRef = 5AFB3A1E1E9F782D00D84659 /* eventviewcell.swift */; };
		60FF00C25629639AFB611133 /* Pods_TFTI_Final_Project.framework in Frameworks */ = {isa = PBXBuildFile; fileRef = 7388701F302A9E29C12834DD /* Pods_TFTI_Final_Project.framework */; };
		F4F71B1E12C63E4F46F989D5 /* Pods_TFTI_Final_ProjectUITests.framework in Frameworks */ = {isa = PBXBuildFile; fileRef = 1AA22D5ABC1BD603AB3C2378 /* Pods_TFTI_Final_ProjectUITests.framework */; };
/* End PBXBuildFile section */

/* Begin PBXContainerItemProxy section */
		5AFB39FA1E9F701E00D84659 /* PBXContainerItemProxy */ = {
			isa = PBXContainerItemProxy;
			containerPortal = 5AFB39D91E9F701D00D84659 /* Project object */;
			proxyType = 1;
			remoteGlobalIDString = 5AFB39E01E9F701D00D84659;
			remoteInfo = TFTI_Final_Project;
		};
		5AFB3A051E9F701E00D84659 /* PBXContainerItemProxy */ = {
			isa = PBXContainerItemProxy;
			containerPortal = 5AFB39D91E9F701D00D84659 /* Project object */;
			proxyType = 1;
			remoteGlobalIDString = 5AFB39E01E9F701D00D84659;
			remoteInfo = TFTI_Final_Project;
		};
/* End PBXContainerItemProxy section */

/* Begin PBXFileReference section */
		0151F9674E45984A84B00278 /* Pods_TFTI_Final_ProjectTests.framework */ = {isa = PBXFileReference; explicitFileType = wrapper.framework; includeInIndex = 0; path = Pods_TFTI_Final_ProjectTests.framework; sourceTree = BUILT_PRODUCTS_DIR; };
		0F3C383E1EB9A2DF00F4CB5A /* Main.storyboard */ = {isa = PBXFileReference; fileEncoding = 4; lastKnownFileType = file.storyboard; name = Main.storyboard; path = ../../../../../Downloads/Main.storyboard; sourceTree = "<group>"; };
		1AA22D5ABC1BD603AB3C2378 /* Pods_TFTI_Final_ProjectUITests.framework */ = {isa = PBXFileReference; explicitFileType = wrapper.framework; includeInIndex = 0; path = Pods_TFTI_Final_ProjectUITests.framework; sourceTree = BUILT_PRODUCTS_DIR; };
		234301411EB33EC600077687 /* GoogleService-Info.plist */ = {isa = PBXFileReference; fileEncoding = 4; lastKnownFileType = text.plist.xml; path = "GoogleService-Info.plist"; sourceTree = "<group>"; };
		235541C21EB70E98005A469F /* EventFeed.swift */ = {isa = PBXFileReference; fileEncoding = 4; lastKnownFileType = sourcecode.swift; path = EventFeed.swift; sourceTree = "<group>"; };
		235541C51EB71C72005A469F /* constants.swift */ = {isa = PBXFileReference; fileEncoding = 4; lastKnownFileType = sourcecode.swift; path = constants.swift; sourceTree = "<group>"; };
		235541C71EB8082F005A469F /* CurrentUser.swift */ = {isa = PBXFileReference; fileEncoding = 4; lastKnownFileType = sourcecode.swift; path = CurrentUser.swift; sourceTree = "<group>"; };
		2361B07F1EB877F800A7D95F /* testGlobalController.swift */ = {isa = PBXFileReference; fileEncoding = 4; lastKnownFileType = sourcecode.swift; path = testGlobalController.swift; sourceTree = "<group>"; };
		2361B0811EB8780D00A7D95F /* testGlobalViewCell.swift */ = {isa = PBXFileReference; fileEncoding = 4; lastKnownFileType = sourcecode.swift; path = testGlobalViewCell.swift; sourceTree = "<group>"; };
		5A1247071EADDDED00EF2656 /* GlobalViewController.swift */ = {isa = PBXFileReference; fileEncoding = 4; lastKnownFileType = sourcecode.swift; path = GlobalViewController.swift; sourceTree = "<group>"; };
		5A1247091EADDDFF00EF2656 /* PersonalViewController.swift */ = {isa = PBXFileReference; fileEncoding = 4; lastKnownFileType = sourcecode.swift; path = PersonalViewController.swift; sourceTree = "<group>"; };
		5A12470B1EADDF3E00EF2656 /* GlobalCellViewController.swift */ = {isa = PBXFileReference; fileEncoding = 4; lastKnownFileType = sourcecode.swift; path = GlobalCellViewController.swift; sourceTree = "<group>"; };
		5A12470D1EAE10C100EF2656 /* TabBarViewController.swift */ = {isa = PBXFileReference; fileEncoding = 4; lastKnownFileType = sourcecode.swift; path = TabBarViewController.swift; sourceTree = "<group>"; };
		5A12470F1EAE119800EF2656 /* Event.swift */ = {isa = PBXFileReference; fileEncoding = 4; lastKnownFileType = sourcecode.swift; path = Event.swift; sourceTree = "<group>"; };
		5A1247131EAEEBB200EF2656 /* DetailsViewController.swift */ = {isa = PBXFileReference; fileEncoding = 4; lastKnownFileType = sourcecode.swift; path = DetailsViewController.swift; sourceTree = "<group>"; };
		5A1247151EAEF0F100EF2656 /* PersonalCellViewController.swift */ = {isa = PBXFileReference; fileEncoding = 4; lastKnownFileType = sourcecode.swift; path = PersonalCellViewController.swift; sourceTree = "<group>"; };
		5A1247171EAEF17E00EF2656 /* CreateViewController.swift */ = {isa = PBXFileReference; fileEncoding = 4; lastKnownFileType = sourcecode.swift; path = CreateViewController.swift; sourceTree = "<group>"; };
		5A1247191EAEF2DD00EF2656 /* LoginViewController.swift */ = {isa = PBXFileReference; fileEncoding = 4; lastKnownFileType = sourcecode.swift; path = LoginViewController.swift; sourceTree = "<group>"; };
		5A12471B1EAEF2F000EF2656 /* SignupViewController.swift */ = {isa = PBXFileReference; fileEncoding = 4; lastKnownFileType = sourcecode.swift; path = SignupViewController.swift; sourceTree = "<group>"; };
		5AFB39E11E9F701D00D84659 /* TFTI_Final_Project.app */ = {isa = PBXFileReference; explicitFileType = wrapper.application; includeInIndex = 0; path = TFTI_Final_Project.app; sourceTree = BUILT_PRODUCTS_DIR; };
		5AFB39E41E9F701D00D84659 /* AppDelegate.swift */ = {isa = PBXFileReference; lastKnownFileType = sourcecode.swift; path = AppDelegate.swift; sourceTree = "<group>"; };
		5AFB39E61E9F701D00D84659 /* RootViewController.swift */ = {isa = PBXFileReference; lastKnownFileType = sourcecode.swift; path = RootViewController.swift; sourceTree = "<group>"; };
		5AFB39E81E9F701D00D84659 /* DataViewController.swift */ = {isa = PBXFileReference; lastKnownFileType = sourcecode.swift; path = DataViewController.swift; sourceTree = "<group>"; };
		5AFB39EA1E9F701D00D84659 /* ModelController.swift */ = {isa = PBXFileReference; lastKnownFileType = sourcecode.swift; path = ModelController.swift; sourceTree = "<group>"; };
		5AFB39EF1E9F701D00D84659 /* Assets.xcassets */ = {isa = PBXFileReference; lastKnownFileType = folder.assetcatalog; path = Assets.xcassets; sourceTree = "<group>"; };
		5AFB39F21E9F701D00D84659 /* Base */ = {isa = PBXFileReference; lastKnownFileType = file.storyboard; name = Base; path = Base.lproj/LaunchScreen.storyboard; sourceTree = "<group>"; };
		5AFB39F41E9F701D00D84659 /* Info.plist */ = {isa = PBXFileReference; lastKnownFileType = text.plist.xml; path = Info.plist; sourceTree = "<group>"; };
		5AFB39F91E9F701E00D84659 /* TFTI_Final_ProjectTests.xctest */ = {isa = PBXFileReference; explicitFileType = wrapper.cfbundle; includeInIndex = 0; path = TFTI_Final_ProjectTests.xctest; sourceTree = BUILT_PRODUCTS_DIR; };
		5AFB39FD1E9F701E00D84659 /* TFTI_Final_ProjectTests.swift */ = {isa = PBXFileReference; lastKnownFileType = sourcecode.swift; path = TFTI_Final_ProjectTests.swift; sourceTree = "<group>"; };
		5AFB39FF1E9F701E00D84659 /* Info.plist */ = {isa = PBXFileReference; lastKnownFileType = text.plist.xml; path = Info.plist; sourceTree = "<group>"; };
		5AFB3A041E9F701E00D84659 /* TFTI_Final_ProjectUITests.xctest */ = {isa = PBXFileReference; explicitFileType = wrapper.cfbundle; includeInIndex = 0; path = TFTI_Final_ProjectUITests.xctest; sourceTree = BUILT_PRODUCTS_DIR; };
		5AFB3A081E9F701E00D84659 /* TFTI_Final_ProjectUITests.swift */ = {isa = PBXFileReference; lastKnownFileType = sourcecode.swift; path = TFTI_Final_ProjectUITests.swift; sourceTree = "<group>"; };
		5AFB3A0A1E9F701E00D84659 /* Info.plist */ = {isa = PBXFileReference; lastKnownFileType = text.plist.xml; path = Info.plist; sourceTree = "<group>"; };
		5AFB3A1E1E9F782D00D84659 /* eventviewcell.swift */ = {isa = PBXFileReference; fileEncoding = 4; lastKnownFileType = sourcecode.swift; path = eventviewcell.swift; sourceTree = "<group>"; };
		6CBFBA76CEA6A9EFC32C7701 /* Pods-TFTI_Final_ProjectUITests.debug.xcconfig */ = {isa = PBXFileReference; includeInIndex = 1; lastKnownFileType = text.xcconfig; name = "Pods-TFTI_Final_ProjectUITests.debug.xcconfig"; path = "Pods/Target Support Files/Pods-TFTI_Final_ProjectUITests/Pods-TFTI_Final_ProjectUITests.debug.xcconfig"; sourceTree = "<group>"; };
		6CDD18871F0365B21A990E56 /* Pods-TFTI_Final_ProjectUITests.release.xcconfig */ = {isa = PBXFileReference; includeInIndex = 1; lastKnownFileType = text.xcconfig; name = "Pods-TFTI_Final_ProjectUITests.release.xcconfig"; path = "Pods/Target Support Files/Pods-TFTI_Final_ProjectUITests/Pods-TFTI_Final_ProjectUITests.release.xcconfig"; sourceTree = "<group>"; };
		7388701F302A9E29C12834DD /* Pods_TFTI_Final_Project.framework */ = {isa = PBXFileReference; explicitFileType = wrapper.framework; includeInIndex = 0; path = Pods_TFTI_Final_Project.framework; sourceTree = BUILT_PRODUCTS_DIR; };
		8C712B9B7FB91AC1F7B27B19 /* Pods-TFTI_Final_ProjectTests.debug.xcconfig */ = {isa = PBXFileReference; includeInIndex = 1; lastKnownFileType = text.xcconfig; name = "Pods-TFTI_Final_ProjectTests.debug.xcconfig"; path = "Pods/Target Support Files/Pods-TFTI_Final_ProjectTests/Pods-TFTI_Final_ProjectTests.debug.xcconfig"; sourceTree = "<group>"; };
		B461A8A6268CEF5B283BDCA4 /* Pods-TFTI_Final_Project.release.xcconfig */ = {isa = PBXFileReference; includeInIndex = 1; lastKnownFileType = text.xcconfig; name = "Pods-TFTI_Final_Project.release.xcconfig"; path = "Pods/Target Support Files/Pods-TFTI_Final_Project/Pods-TFTI_Final_Project.release.xcconfig"; sourceTree = "<group>"; };
		D27DB675482B87C80371038B /* Pods-TFTI_Final_Project.debug.xcconfig */ = {isa = PBXFileReference; includeInIndex = 1; lastKnownFileType = text.xcconfig; name = "Pods-TFTI_Final_Project.debug.xcconfig"; path = "Pods/Target Support Files/Pods-TFTI_Final_Project/Pods-TFTI_Final_Project.debug.xcconfig"; sourceTree = "<group>"; };
		F7B226C790A6EC3514EF4F38 /* Pods-TFTI_Final_ProjectTests.release.xcconfig */ = {isa = PBXFileReference; includeInIndex = 1; lastKnownFileType = text.xcconfig; name = "Pods-TFTI_Final_ProjectTests.release.xcconfig"; path = "Pods/Target Support Files/Pods-TFTI_Final_ProjectTests/Pods-TFTI_Final_ProjectTests.release.xcconfig"; sourceTree = "<group>"; };
/* End PBXFileReference section */

/* Begin PBXFrameworksBuildPhase section */
		5AFB39DE1E9F701D00D84659 /* Frameworks */ = {
			isa = PBXFrameworksBuildPhase;
			buildActionMask = 2147483647;
			files = (
				60FF00C25629639AFB611133 /* Pods_TFTI_Final_Project.framework in Frameworks */,
			);
			runOnlyForDeploymentPostprocessing = 0;
		};
		5AFB39F61E9F701E00D84659 /* Frameworks */ = {
			isa = PBXFrameworksBuildPhase;
			buildActionMask = 2147483647;
			files = (
				28067684E2098280FE903A99 /* Pods_TFTI_Final_ProjectTests.framework in Frameworks */,
			);
			runOnlyForDeploymentPostprocessing = 0;
		};
		5AFB3A011E9F701E00D84659 /* Frameworks */ = {
			isa = PBXFrameworksBuildPhase;
			buildActionMask = 2147483647;
			files = (
				F4F71B1E12C63E4F46F989D5 /* Pods_TFTI_Final_ProjectUITests.framework in Frameworks */,
			);
			runOnlyForDeploymentPostprocessing = 0;
		};
/* End PBXFrameworksBuildPhase section */

/* Begin PBXGroup section */
		235541C41EB71C4C005A469F /* App Utilities */ = {
			isa = PBXGroup;
			children = (
				235541C51EB71C72005A469F /* constants.swift */,
			);
			name = "App Utilities";
			sourceTree = "<group>";
		};
		5A1247041EADA7A300EF2656 /* Controller */ = {
			isa = PBXGroup;
			children = (
				5AFB39E61E9F701D00D84659 /* RootViewController.swift */,
				5AFB39EA1E9F701D00D84659 /* ModelController.swift */,
				5AFB39E81E9F701D00D84659 /* DataViewController.swift */,
				5A1247071EADDDED00EF2656 /* GlobalViewController.swift */,
				5A1247091EADDDFF00EF2656 /* PersonalViewController.swift */,
				5A12470B1EADDF3E00EF2656 /* GlobalCellViewController.swift */,
				5A12470D1EAE10C100EF2656 /* TabBarViewController.swift */,
				5A1247131EAEEBB200EF2656 /* DetailsViewController.swift */,
				5A1247151EAEF0F100EF2656 /* PersonalCellViewController.swift */,
				5A1247171EAEF17E00EF2656 /* CreateViewController.swift */,
				5A1247191EAEF2DD00EF2656 /* LoginViewController.swift */,
				5A12471B1EAEF2F000EF2656 /* SignupViewController.swift */,
				2361B07F1EB877F800A7D95F /* testGlobalController.swift */,
				2361B0811EB8780D00A7D95F /* testGlobalViewCell.swift */,
			);
			name = Controller;
			sourceTree = "<group>";
		};
		5A1247061EADA7BE00EF2656 /* Model */ = {
			isa = PBXGroup;
			children = (
				5AFB39E41E9F701D00D84659 /* AppDelegate.swift */,
				5A12470F1EAE119800EF2656 /* Event.swift */,
				235541C21EB70E98005A469F /* EventFeed.swift */,
				235541C71EB8082F005A469F /* CurrentUser.swift */,
			);
			name = Model;
			sourceTree = "<group>";
		};
		5AFB39D81E9F701D00D84659 = {
			isa = PBXGroup;
			children = (
				5AFB39E31E9F701D00D84659 /* TFTI_Final_Project */,
				5AFB39FC1E9F701E00D84659 /* TFTI_Final_ProjectTests */,
				5AFB3A071E9F701E00D84659 /* TFTI_Final_ProjectUITests */,
				5AFB39E21E9F701D00D84659 /* Products */,
				96CC79E0F87210D568A526EB /* Pods */,
				C465A208EB72F23F2803D3BE /* Frameworks */,
			);
			sourceTree = "<group>";
		};
		5AFB39E21E9F701D00D84659 /* Products */ = {
			isa = PBXGroup;
			children = (
				5AFB39E11E9F701D00D84659 /* TFTI_Final_Project.app */,
				5AFB39F91E9F701E00D84659 /* TFTI_Final_ProjectTests.xctest */,
				5AFB3A041E9F701E00D84659 /* TFTI_Final_ProjectUITests.xctest */,
			);
			name = Products;
			sourceTree = "<group>";
		};
		5AFB39E31E9F701D00D84659 /* TFTI_Final_Project */ = {
			isa = PBXGroup;
			children = (
				235541C41EB71C4C005A469F /* App Utilities */,
				5A1247061EADA7BE00EF2656 /* Model */,
				5A1247041EADA7A300EF2656 /* Controller */,
				5AFB39EF1E9F701D00D84659 /* Assets.xcassets */,
				5AFB39F11E9F701D00D84659 /* LaunchScreen.storyboard */,
				0F3C383E1EB9A2DF00F4CB5A /* Main.storyboard */,
				5AFB39F41E9F701D00D84659 /* Info.plist */,
				234301411EB33EC600077687 /* GoogleService-Info.plist */,
				5AFB3A1E1E9F782D00D84659 /* eventviewcell.swift */,
			);
			path = TFTI_Final_Project;
			sourceTree = "<group>";
		};
		5AFB39FC1E9F701E00D84659 /* TFTI_Final_ProjectTests */ = {
			isa = PBXGroup;
			children = (
				5AFB39FD1E9F701E00D84659 /* TFTI_Final_ProjectTests.swift */,
				5AFB39FF1E9F701E00D84659 /* Info.plist */,
			);
			path = TFTI_Final_ProjectTests;
			sourceTree = "<group>";
		};
		5AFB3A071E9F701E00D84659 /* TFTI_Final_ProjectUITests */ = {
			isa = PBXGroup;
			children = (
				5AFB3A081E9F701E00D84659 /* TFTI_Final_ProjectUITests.swift */,
				5AFB3A0A1E9F701E00D84659 /* Info.plist */,
			);
			path = TFTI_Final_ProjectUITests;
			sourceTree = "<group>";
		};
		96CC79E0F87210D568A526EB /* Pods */ = {
			isa = PBXGroup;
			children = (
				D27DB675482B87C80371038B /* Pods-TFTI_Final_Project.debug.xcconfig */,
				B461A8A6268CEF5B283BDCA4 /* Pods-TFTI_Final_Project.release.xcconfig */,
				8C712B9B7FB91AC1F7B27B19 /* Pods-TFTI_Final_ProjectTests.debug.xcconfig */,
				F7B226C790A6EC3514EF4F38 /* Pods-TFTI_Final_ProjectTests.release.xcconfig */,
				6CBFBA76CEA6A9EFC32C7701 /* Pods-TFTI_Final_ProjectUITests.debug.xcconfig */,
				6CDD18871F0365B21A990E56 /* Pods-TFTI_Final_ProjectUITests.release.xcconfig */,
			);
			name = Pods;
			sourceTree = "<group>";
		};
		C465A208EB72F23F2803D3BE /* Frameworks */ = {
			isa = PBXGroup;
			children = (
				7388701F302A9E29C12834DD /* Pods_TFTI_Final_Project.framework */,
				0151F9674E45984A84B00278 /* Pods_TFTI_Final_ProjectTests.framework */,
				1AA22D5ABC1BD603AB3C2378 /* Pods_TFTI_Final_ProjectUITests.framework */,
			);
			name = Frameworks;
			sourceTree = "<group>";
		};
/* End PBXGroup section */

/* Begin PBXNativeTarget section */
		5AFB39E01E9F701D00D84659 /* TFTI_Final_Project */ = {
			isa = PBXNativeTarget;
			buildConfigurationList = 5AFB3A0D1E9F701E00D84659 /* Build configuration list for PBXNativeTarget "TFTI_Final_Project" */;
			buildPhases = (
				75FB58722A0E2EFC342719DA /* [CP] Check Pods Manifest.lock */,
				5AFB39DD1E9F701D00D84659 /* Sources */,
				5AFB39DE1E9F701D00D84659 /* Frameworks */,
				5AFB39DF1E9F701D00D84659 /* Resources */,
				5217E7E09CD11125EFD59113 /* [CP] Embed Pods Frameworks */,
				7BC041AE8585BB597DCFE6B4 /* [CP] Copy Pods Resources */,
			);
			buildRules = (
			);
			dependencies = (
			);
			name = TFTI_Final_Project;
			productName = TFTI_Final_Project;
			productReference = 5AFB39E11E9F701D00D84659 /* TFTI_Final_Project.app */;
			productType = "com.apple.product-type.application";
		};
		5AFB39F81E9F701E00D84659 /* TFTI_Final_ProjectTests */ = {
			isa = PBXNativeTarget;
			buildConfigurationList = 5AFB3A101E9F701E00D84659 /* Build configuration list for PBXNativeTarget "TFTI_Final_ProjectTests" */;
			buildPhases = (
				4058389D934BBC0A09786BB0 /* [CP] Check Pods Manifest.lock */,
				5AFB39F51E9F701E00D84659 /* Sources */,
				5AFB39F61E9F701E00D84659 /* Frameworks */,
				5AFB39F71E9F701E00D84659 /* Resources */,
				82EF3EC6B4AC6E71DA78EE94 /* [CP] Embed Pods Frameworks */,
				7A4FDCC888779E4A09C5A715 /* [CP] Copy Pods Resources */,
			);
			buildRules = (
			);
			dependencies = (
				5AFB39FB1E9F701E00D84659 /* PBXTargetDependency */,
			);
			name = TFTI_Final_ProjectTests;
			productName = TFTI_Final_ProjectTests;
			productReference = 5AFB39F91E9F701E00D84659 /* TFTI_Final_ProjectTests.xctest */;
			productType = "com.apple.product-type.bundle.unit-test";
		};
		5AFB3A031E9F701E00D84659 /* TFTI_Final_ProjectUITests */ = {
			isa = PBXNativeTarget;
			buildConfigurationList = 5AFB3A131E9F701E00D84659 /* Build configuration list for PBXNativeTarget "TFTI_Final_ProjectUITests" */;
			buildPhases = (
				DCD9AC7741F220685D944FB4 /* [CP] Check Pods Manifest.lock */,
				5AFB3A001E9F701E00D84659 /* Sources */,
				5AFB3A011E9F701E00D84659 /* Frameworks */,
				5AFB3A021E9F701E00D84659 /* Resources */,
				1D6825FB1DDD62766EC292FA /* [CP] Embed Pods Frameworks */,
				3C4A949FFECE44E64DAC9C73 /* [CP] Copy Pods Resources */,
			);
			buildRules = (
			);
			dependencies = (
				5AFB3A061E9F701E00D84659 /* PBXTargetDependency */,
			);
			name = TFTI_Final_ProjectUITests;
			productName = TFTI_Final_ProjectUITests;
			productReference = 5AFB3A041E9F701E00D84659 /* TFTI_Final_ProjectUITests.xctest */;
			productType = "com.apple.product-type.bundle.ui-testing";
		};
/* End PBXNativeTarget section */

/* Begin PBXProject section */
		5AFB39D91E9F701D00D84659 /* Project object */ = {
			isa = PBXProject;
			attributes = {
				LastSwiftUpdateCheck = 0820;
				LastUpgradeCheck = 0820;
				ORGANIZATIONNAME = "Sahana Srinivasan";
				TargetAttributes = {
					5AFB39E01E9F701D00D84659 = {
						CreatedOnToolsVersion = 8.2.1;
						DevelopmentTeam = QKYX62U8AM;
						ProvisioningStyle = Automatic;
					};
					5AFB39F81E9F701E00D84659 = {
						CreatedOnToolsVersion = 8.2.1;
						DevelopmentTeam = QKYX62U8AM;
						ProvisioningStyle = Automatic;
						TestTargetID = 5AFB39E01E9F701D00D84659;
					};
					5AFB3A031E9F701E00D84659 = {
						CreatedOnToolsVersion = 8.2.1;
						DevelopmentTeam = QKYX62U8AM;
						ProvisioningStyle = Automatic;
						TestTargetID = 5AFB39E01E9F701D00D84659;
					};
				};
			};
			buildConfigurationList = 5AFB39DC1E9F701D00D84659 /* Build configuration list for PBXProject "TFTI_Final_Project" */;
			compatibilityVersion = "Xcode 3.2";
			developmentRegion = English;
			hasScannedForEncodings = 0;
			knownRegions = (
				en,
				Base,
			);
			mainGroup = 5AFB39D81E9F701D00D84659;
			productRefGroup = 5AFB39E21E9F701D00D84659 /* Products */;
			projectDirPath = "";
			projectRoot = "";
			targets = (
				5AFB39E01E9F701D00D84659 /* TFTI_Final_Project */,
				5AFB39F81E9F701E00D84659 /* TFTI_Final_ProjectTests */,
				5AFB3A031E9F701E00D84659 /* TFTI_Final_ProjectUITests */,
			);
		};
/* End PBXProject section */

/* Begin PBXResourcesBuildPhase section */
		5AFB39DF1E9F701D00D84659 /* Resources */ = {
			isa = PBXResourcesBuildPhase;
			buildActionMask = 2147483647;
			files = (
				5AFB39F31E9F701D00D84659 /* LaunchScreen.storyboard in Resources */,
				234301421EB33EC600077687 /* GoogleService-Info.plist in Resources */,
				5AFB39F01E9F701D00D84659 /* Assets.xcassets in Resources */,
				0F3C383F1EB9A2DF00F4CB5A /* Main.storyboard in Resources */,
			);
			runOnlyForDeploymentPostprocessing = 0;
		};
		5AFB39F71E9F701E00D84659 /* Resources */ = {
			isa = PBXResourcesBuildPhase;
			buildActionMask = 2147483647;
			files = (
			);
			runOnlyForDeploymentPostprocessing = 0;
		};
		5AFB3A021E9F701E00D84659 /* Resources */ = {
			isa = PBXResourcesBuildPhase;
			buildActionMask = 2147483647;
			files = (
			);
			runOnlyForDeploymentPostprocessing = 0;
		};
/* End PBXResourcesBuildPhase section */

/* Begin PBXShellScriptBuildPhase section */
		1D6825FB1DDD62766EC292FA /* [CP] Embed Pods Frameworks */ = {
			isa = PBXShellScriptBuildPhase;
			buildActionMask = 2147483647;
			files = (
			);
			inputPaths = (
			);
			name = "[CP] Embed Pods Frameworks";
			outputPaths = (
			);
			runOnlyForDeploymentPostprocessing = 0;
			shellPath = /bin/sh;
			shellScript = "\"${SRCROOT}/Pods/Target Support Files/Pods-TFTI_Final_ProjectUITests/Pods-TFTI_Final_ProjectUITests-frameworks.sh\"\n";
			showEnvVarsInLog = 0;
		};
		3C4A949FFECE44E64DAC9C73 /* [CP] Copy Pods Resources */ = {
			isa = PBXShellScriptBuildPhase;
			buildActionMask = 2147483647;
			files = (
			);
			inputPaths = (
			);
			name = "[CP] Copy Pods Resources";
			outputPaths = (
			);
			runOnlyForDeploymentPostprocessing = 0;
			shellPath = /bin/sh;
			shellScript = "\"${SRCROOT}/Pods/Target Support Files/Pods-TFTI_Final_ProjectUITests/Pods-TFTI_Final_ProjectUITests-resources.sh\"\n";
			showEnvVarsInLog = 0;
		};
		4058389D934BBC0A09786BB0 /* [CP] Check Pods Manifest.lock */ = {
			isa = PBXShellScriptBuildPhase;
			buildActionMask = 2147483647;
			files = (
			);
			inputPaths = (
			);
			name = "[CP] Check Pods Manifest.lock";
			outputPaths = (
			);
			runOnlyForDeploymentPostprocessing = 0;
			shellPath = /bin/sh;
			shellScript = "diff \"${PODS_PODFILE_DIR_PATH}/Podfile.lock\" \"${PODS_ROOT}/Manifest.lock\" > /dev/null\nif [ $? != 0 ] ; then\n    # print error to STDERR\n    echo \"error: The sandbox is not in sync with the Podfile.lock. Run 'pod install' or update your CocoaPods installation.\" >&2\n    exit 1\nfi\n";
			showEnvVarsInLog = 0;
		};
		5217E7E09CD11125EFD59113 /* [CP] Embed Pods Frameworks */ = {
			isa = PBXShellScriptBuildPhase;
			buildActionMask = 2147483647;
			files = (
			);
			inputPaths = (
			);
			name = "[CP] Embed Pods Frameworks";
			outputPaths = (
			);
			runOnlyForDeploymentPostprocessing = 0;
			shellPath = /bin/sh;
			shellScript = "\"${SRCROOT}/Pods/Target Support Files/Pods-TFTI_Final_Project/Pods-TFTI_Final_Project-frameworks.sh\"\n";
			showEnvVarsInLog = 0;
		};
		75FB58722A0E2EFC342719DA /* [CP] Check Pods Manifest.lock */ = {
			isa = PBXShellScriptBuildPhase;
			buildActionMask = 2147483647;
			files = (
			);
			inputPaths = (
			);
			name = "[CP] Check Pods Manifest.lock";
			outputPaths = (
			);
			runOnlyForDeploymentPostprocessing = 0;
			shellPath = /bin/sh;
			shellScript = "diff \"${PODS_PODFILE_DIR_PATH}/Podfile.lock\" \"${PODS_ROOT}/Manifest.lock\" > /dev/null\nif [ $? != 0 ] ; then\n    # print error to STDERR\n    echo \"error: The sandbox is not in sync with the Podfile.lock. Run 'pod install' or update your CocoaPods installation.\" >&2\n    exit 1\nfi\n";
			showEnvVarsInLog = 0;
		};
		7A4FDCC888779E4A09C5A715 /* [CP] Copy Pods Resources */ = {
			isa = PBXShellScriptBuildPhase;
			buildActionMask = 2147483647;
			files = (
			);
			inputPaths = (
			);
			name = "[CP] Copy Pods Resources";
			outputPaths = (
			);
			runOnlyForDeploymentPostprocessing = 0;
			shellPath = /bin/sh;
			shellScript = "\"${SRCROOT}/Pods/Target Support Files/Pods-TFTI_Final_ProjectTests/Pods-TFTI_Final_ProjectTests-resources.sh\"\n";
			showEnvVarsInLog = 0;
		};
		7BC041AE8585BB597DCFE6B4 /* [CP] Copy Pods Resources */ = {
			isa = PBXShellScriptBuildPhase;
			buildActionMask = 2147483647;
			files = (
			);
			inputPaths = (
			);
			name = "[CP] Copy Pods Resources";
			outputPaths = (
			);
			runOnlyForDeploymentPostprocessing = 0;
			shellPath = /bin/sh;
			shellScript = "\"${SRCROOT}/Pods/Target Support Files/Pods-TFTI_Final_Project/Pods-TFTI_Final_Project-resources.sh\"\n";
			showEnvVarsInLog = 0;
		};
		82EF3EC6B4AC6E71DA78EE94 /* [CP] Embed Pods Frameworks */ = {
			isa = PBXShellScriptBuildPhase;
			buildActionMask = 2147483647;
			files = (
			);
			inputPaths = (
			);
			name = "[CP] Embed Pods Frameworks";
			outputPaths = (
			);
			runOnlyForDeploymentPostprocessing = 0;
			shellPath = /bin/sh;
			shellScript = "\"${SRCROOT}/Pods/Target Support Files/Pods-TFTI_Final_ProjectTests/Pods-TFTI_Final_ProjectTests-frameworks.sh\"\n";
			showEnvVarsInLog = 0;
		};
		DCD9AC7741F220685D944FB4 /* [CP] Check Pods Manifest.lock */ = {
			isa = PBXShellScriptBuildPhase;
			buildActionMask = 2147483647;
			files = (
			);
			inputPaths = (
			);
			name = "[CP] Check Pods Manifest.lock";
			outputPaths = (
			);
			runOnlyForDeploymentPostprocessing = 0;
			shellPath = /bin/sh;
			shellScript = "diff \"${PODS_PODFILE_DIR_PATH}/Podfile.lock\" \"${PODS_ROOT}/Manifest.lock\" > /dev/null\nif [ $? != 0 ] ; then\n    # print error to STDERR\n    echo \"error: The sandbox is not in sync with the Podfile.lock. Run 'pod install' or update your CocoaPods installation.\" >&2\n    exit 1\nfi\n";
			showEnvVarsInLog = 0;
		};
/* End PBXShellScriptBuildPhase section */

/* Begin PBXSourcesBuildPhase section */
		5AFB39DD1E9F701D00D84659 /* Sources */ = {
			isa = PBXSourcesBuildPhase;
			buildActionMask = 2147483647;
			files = (
				235541C31EB70E98005A469F /* EventFeed.swift in Sources */,
				5A12471A1EAEF2DD00EF2656 /* LoginViewController.swift in Sources */,
				5AFB39E71E9F701D00D84659 /* RootViewController.swift in Sources */,
				5A12470C1EADDF3E00EF2656 /* GlobalCellViewController.swift in Sources */,
				5A1247081EADDDED00EF2656 /* GlobalViewController.swift in Sources */,
				5A1247141EAEEBB200EF2656 /* DetailsViewController.swift in Sources */,
				5AFB39EB1E9F701D00D84659 /* ModelController.swift in Sources */,
				2361B0821EB8780D00A7D95F /* testGlobalViewCell.swift in Sources */,
				5A1247101EAE119800EF2656 /* Event.swift in Sources */,
				5A12470E1EAE10C100EF2656 /* TabBarViewController.swift in Sources */,
				5AFB3A1F1E9F782D00D84659 /* eventviewcell.swift in Sources */,
				5A1247161EAEF0F100EF2656 /* PersonalCellViewController.swift in Sources */,
				5A1247181EAEF17E00EF2656 /* CreateViewController.swift in Sources */,
				5AFB39E91E9F701D00D84659 /* DataViewController.swift in Sources */,
				5A12471C1EAEF2F000EF2656 /* SignupViewController.swift in Sources */,
				2361B0801EB877F800A7D95F /* testGlobalController.swift in Sources */,
				5AFB39E51E9F701D00D84659 /* AppDelegate.swift in Sources */,
				5A12470A1EADDE0000EF2656 /* PersonalViewController.swift in Sources */,
				235541C81EB8082F005A469F /* CurrentUser.swift in Sources */,
				235541C61EB71C72005A469F /* constants.swift in Sources */,
			);
			runOnlyForDeploymentPostprocessing = 0;
		};
		5AFB39F51E9F701E00D84659 /* Sources */ = {
			isa = PBXSourcesBuildPhase;
			buildActionMask = 2147483647;
			files = (
				5AFB39FE1E9F701E00D84659 /* TFTI_Final_ProjectTests.swift in Sources */,
			);
			runOnlyForDeploymentPostprocessing = 0;
		};
		5AFB3A001E9F701E00D84659 /* Sources */ = {
			isa = PBXSourcesBuildPhase;
			buildActionMask = 2147483647;
			files = (
				5AFB3A091E9F701E00D84659 /* TFTI_Final_ProjectUITests.swift in Sources */,
			);
			runOnlyForDeploymentPostprocessing = 0;
		};
/* End PBXSourcesBuildPhase section */

/* Begin PBXTargetDependency section */
		5AFB39FB1E9F701E00D84659 /* PBXTargetDependency */ = {
			isa = PBXTargetDependency;
			target = 5AFB39E01E9F701D00D84659 /* TFTI_Final_Project */;
			targetProxy = 5AFB39FA1E9F701E00D84659 /* PBXContainerItemProxy */;
		};
		5AFB3A061E9F701E00D84659 /* PBXTargetDependency */ = {
			isa = PBXTargetDependency;
			target = 5AFB39E01E9F701D00D84659 /* TFTI_Final_Project */;
			targetProxy = 5AFB3A051E9F701E00D84659 /* PBXContainerItemProxy */;
		};
/* End PBXTargetDependency section */

/* Begin PBXVariantGroup section */
		5AFB39F11E9F701D00D84659 /* LaunchScreen.storyboard */ = {
			isa = PBXVariantGroup;
			children = (
				5AFB39F21E9F701D00D84659 /* Base */,
			);
			name = LaunchScreen.storyboard;
			sourceTree = "<group>";
		};
/* End PBXVariantGroup section */

/* Begin XCBuildConfiguration section */
		5AFB3A0B1E9F701E00D84659 /* Debug */ = {
			isa = XCBuildConfiguration;
			buildSettings = {
				ALWAYS_SEARCH_USER_PATHS = NO;
				CLANG_ANALYZER_NONNULL = YES;
				CLANG_CXX_LANGUAGE_STANDARD = "gnu++0x";
				CLANG_CXX_LIBRARY = "libc++";
				CLANG_ENABLE_MODULES = YES;
				CLANG_ENABLE_OBJC_ARC = YES;
				CLANG_WARN_BOOL_CONVERSION = YES;
				CLANG_WARN_CONSTANT_CONVERSION = YES;
				CLANG_WARN_DIRECT_OBJC_ISA_USAGE = YES_ERROR;
				CLANG_WARN_DOCUMENTATION_COMMENTS = YES;
				CLANG_WARN_EMPTY_BODY = YES;
				CLANG_WARN_ENUM_CONVERSION = YES;
				CLANG_WARN_INFINITE_RECURSION = YES;
				CLANG_WARN_INT_CONVERSION = YES;
				CLANG_WARN_OBJC_ROOT_CLASS = YES_ERROR;
				CLANG_WARN_SUSPICIOUS_MOVE = YES;
				CLANG_WARN_UNREACHABLE_CODE = YES;
				CLANG_WARN__DUPLICATE_METHOD_MATCH = YES;
				"CODE_SIGN_IDENTITY[sdk=iphoneos*]" = "iPhone Developer";
				COPY_PHASE_STRIP = NO;
				DEBUG_INFORMATION_FORMAT = dwarf;
				ENABLE_STRICT_OBJC_MSGSEND = YES;
				ENABLE_TESTABILITY = YES;
				GCC_C_LANGUAGE_STANDARD = gnu99;
				GCC_DYNAMIC_NO_PIC = NO;
				GCC_NO_COMMON_BLOCKS = YES;
				GCC_OPTIMIZATION_LEVEL = 0;
				GCC_PREPROCESSOR_DEFINITIONS = (
					"DEBUG=1",
					"$(inherited)",
				);
				GCC_WARN_64_TO_32_BIT_CONVERSION = YES;
				GCC_WARN_ABOUT_RETURN_TYPE = YES_ERROR;
				GCC_WARN_UNDECLARED_SELECTOR = YES;
				GCC_WARN_UNINITIALIZED_AUTOS = YES_AGGRESSIVE;
				GCC_WARN_UNUSED_FUNCTION = YES;
				GCC_WARN_UNUSED_VARIABLE = YES;
				IPHONEOS_DEPLOYMENT_TARGET = 10.2;
				MTL_ENABLE_DEBUG_INFO = YES;
				ONLY_ACTIVE_ARCH = YES;
				SDKROOT = iphoneos;
				SWIFT_ACTIVE_COMPILATION_CONDITIONS = DEBUG;
				SWIFT_OPTIMIZATION_LEVEL = "-Onone";
				TARGETED_DEVICE_FAMILY = "1,2";
			};
			name = Debug;
		};
		5AFB3A0C1E9F701E00D84659 /* Release */ = {
			isa = XCBuildConfiguration;
			buildSettings = {
				ALWAYS_SEARCH_USER_PATHS = NO;
				CLANG_ANALYZER_NONNULL = YES;
				CLANG_CXX_LANGUAGE_STANDARD = "gnu++0x";
				CLANG_CXX_LIBRARY = "libc++";
				CLANG_ENABLE_MODULES = YES;
				CLANG_ENABLE_OBJC_ARC = YES;
				CLANG_WARN_BOOL_CONVERSION = YES;
				CLANG_WARN_CONSTANT_CONVERSION = YES;
				CLANG_WARN_DIRECT_OBJC_ISA_USAGE = YES_ERROR;
				CLANG_WARN_DOCUMENTATION_COMMENTS = YES;
				CLANG_WARN_EMPTY_BODY = YES;
				CLANG_WARN_ENUM_CONVERSION = YES;
				CLANG_WARN_INFINITE_RECURSION = YES;
				CLANG_WARN_INT_CONVERSION = YES;
				CLANG_WARN_OBJC_ROOT_CLASS = YES_ERROR;
				CLANG_WARN_SUSPICIOUS_MOVE = YES;
				CLANG_WARN_UNREACHABLE_CODE = YES;
				CLANG_WARN__DUPLICATE_METHOD_MATCH = YES;
				"CODE_SIGN_IDENTITY[sdk=iphoneos*]" = "iPhone Developer";
				COPY_PHASE_STRIP = NO;
				DEBUG_INFORMATION_FORMAT = "dwarf-with-dsym";
				ENABLE_NS_ASSERTIONS = NO;
				ENABLE_STRICT_OBJC_MSGSEND = YES;
				GCC_C_LANGUAGE_STANDARD = gnu99;
				GCC_NO_COMMON_BLOCKS = YES;
				GCC_WARN_64_TO_32_BIT_CONVERSION = YES;
				GCC_WARN_ABOUT_RETURN_TYPE = YES_ERROR;
				GCC_WARN_UNDECLARED_SELECTOR = YES;
				GCC_WARN_UNINITIALIZED_AUTOS = YES_AGGRESSIVE;
				GCC_WARN_UNUSED_FUNCTION = YES;
				GCC_WARN_UNUSED_VARIABLE = YES;
				IPHONEOS_DEPLOYMENT_TARGET = 10.2;
				MTL_ENABLE_DEBUG_INFO = NO;
				SDKROOT = iphoneos;
				SWIFT_OPTIMIZATION_LEVEL = "-Owholemodule";
				TARGETED_DEVICE_FAMILY = "1,2";
				VALIDATE_PRODUCT = YES;
			};
			name = Release;
		};
		5AFB3A0E1E9F701E00D84659 /* Debug */ = {
			isa = XCBuildConfiguration;
			baseConfigurationReference = D27DB675482B87C80371038B /* Pods-TFTI_Final_Project.debug.xcconfig */;
			buildSettings = {
				ASSETCATALOG_COMPILER_APPICON_NAME = AppIcon;
				DEVELOPMENT_TEAM = QKYX62U8AM;
				INFOPLIST_FILE = TFTI_Final_Project/Info.plist;
				LD_RUNPATH_SEARCH_PATHS = "$(inherited) @executable_path/Frameworks";
				PRODUCT_BUNDLE_IDENTIFIER = "sahana.TFTI-Final-Project";
				PRODUCT_NAME = "$(TARGET_NAME)";
				SWIFT_VERSION = 3.0;
			};
			name = Debug;
		};
		5AFB3A0F1E9F701E00D84659 /* Release */ = {
			isa = XCBuildConfiguration;
			baseConfigurationReference = B461A8A6268CEF5B283BDCA4 /* Pods-TFTI_Final_Project.release.xcconfig */;
			buildSettings = {
				ASSETCATALOG_COMPILER_APPICON_NAME = AppIcon;
				DEVELOPMENT_TEAM = QKYX62U8AM;
				INFOPLIST_FILE = TFTI_Final_Project/Info.plist;
				LD_RUNPATH_SEARCH_PATHS = "$(inherited) @executable_path/Frameworks";
				PRODUCT_BUNDLE_IDENTIFIER = "sahana.TFTI-Final-Project";
				PRODUCT_NAME = "$(TARGET_NAME)";
				SWIFT_VERSION = 3.0;
			};
			name = Release;
		};
		5AFB3A111E9F701E00D84659 /* Debug */ = {
			isa = XCBuildConfiguration;
			baseConfigurationReference = 8C712B9B7FB91AC1F7B27B19 /* Pods-TFTI_Final_ProjectTests.debug.xcconfig */;
			buildSettings = {
				ALWAYS_EMBED_SWIFT_STANDARD_LIBRARIES = YES;
				BUNDLE_LOADER = "$(TEST_HOST)";
				DEVELOPMENT_TEAM = QKYX62U8AM;
				INFOPLIST_FILE = TFTI_Final_ProjectTests/Info.plist;
				LD_RUNPATH_SEARCH_PATHS = "$(inherited) @executable_path/Frameworks @loader_path/Frameworks";
				PRODUCT_BUNDLE_IDENTIFIER = "sahana.TFTI-Final-ProjectTests";
				PRODUCT_NAME = "$(TARGET_NAME)";
				SWIFT_VERSION = 3.0;
				TEST_HOST = "$(BUILT_PRODUCTS_DIR)/TFTI_Final_Project.app/TFTI_Final_Project";
			};
			name = Debug;
		};
		5AFB3A121E9F701E00D84659 /* Release */ = {
			isa = XCBuildConfiguration;
			baseConfigurationReference = F7B226C790A6EC3514EF4F38 /* Pods-TFTI_Final_ProjectTests.release.xcconfig */;
			buildSettings = {
				ALWAYS_EMBED_SWIFT_STANDARD_LIBRARIES = YES;
				BUNDLE_LOADER = "$(TEST_HOST)";
				DEVELOPMENT_TEAM = QKYX62U8AM;
				INFOPLIST_FILE = TFTI_Final_ProjectTests/Info.plist;
				LD_RUNPATH_SEARCH_PATHS = "$(inherited) @executable_path/Frameworks @loader_path/Frameworks";
				PRODUCT_BUNDLE_IDENTIFIER = "sahana.TFTI-Final-ProjectTests";
				PRODUCT_NAME = "$(TARGET_NAME)";
				SWIFT_VERSION = 3.0;
				TEST_HOST = "$(BUILT_PRODUCTS_DIR)/TFTI_Final_Project.app/TFTI_Final_Project";
			};
			name = Release;
		};
		5AFB3A141E9F701E00D84659 /* Debug */ = {
			isa = XCBuildConfiguration;
			baseConfigurationReference = 6CBFBA76CEA6A9EFC32C7701 /* Pods-TFTI_Final_ProjectUITests.debug.xcconfig */;
			buildSettings = {
				ALWAYS_EMBED_SWIFT_STANDARD_LIBRARIES = YES;
				DEVELOPMENT_TEAM = QKYX62U8AM;
				INFOPLIST_FILE = TFTI_Final_ProjectUITests/Info.plist;
				LD_RUNPATH_SEARCH_PATHS = "$(inherited) @executable_path/Frameworks @loader_path/Frameworks";
				PRODUCT_BUNDLE_IDENTIFIER = "sahana.TFTI-Final-ProjectUITests";
				PRODUCT_NAME = "$(TARGET_NAME)";
				SWIFT_VERSION = 3.0;
				TEST_TARGET_NAME = TFTI_Final_Project;
			};
			name = Debug;
		};
		5AFB3A151E9F701E00D84659 /* Release */ = {
			isa = XCBuildConfiguration;
			baseConfigurationReference = 6CDD18871F0365B21A990E56 /* Pods-TFTI_Final_ProjectUITests.release.xcconfig */;
			buildSettings = {
				ALWAYS_EMBED_SWIFT_STANDARD_LIBRARIES = YES;
				DEVELOPMENT_TEAM = QKYX62U8AM;
				INFOPLIST_FILE = TFTI_Final_ProjectUITests/Info.plist;
				LD_RUNPATH_SEARCH_PATHS = "$(inherited) @executable_path/Frameworks @loader_path/Frameworks";
				PRODUCT_BUNDLE_IDENTIFIER = "sahana.TFTI-Final-ProjectUITests";
				PRODUCT_NAME = "$(TARGET_NAME)";
				SWIFT_VERSION = 3.0;
				TEST_TARGET_NAME = TFTI_Final_Project;
			};
			name = Release;
		};
/* End XCBuildConfiguration section */

/* Begin XCConfigurationList section */
		5AFB39DC1E9F701D00D84659 /* Build configuration list for PBXProject "TFTI_Final_Project" */ = {
			isa = XCConfigurationList;
			buildConfigurations = (
				5AFB3A0B1E9F701E00D84659 /* Debug */,
				5AFB3A0C1E9F701E00D84659 /* Release */,
			);
			defaultConfigurationIsVisible = 0;
			defaultConfigurationName = Release;
		};
		5AFB3A0D1E9F701E00D84659 /* Build configuration list for PBXNativeTarget "TFTI_Final_Project" */ = {
			isa = XCConfigurationList;
			buildConfigurations = (
				5AFB3A0E1E9F701E00D84659 /* Debug */,
				5AFB3A0F1E9F701E00D84659 /* Release */,
			);
			defaultConfigurationIsVisible = 0;
			defaultConfigurationName = Release;
		};
		5AFB3A101E9F701E00D84659 /* Build configuration list for PBXNativeTarget "TFTI_Final_ProjectTests" */ = {
			isa = XCConfigurationList;
			buildConfigurations = (
				5AFB3A111E9F701E00D84659 /* Debug */,
				5AFB3A121E9F701E00D84659 /* Release */,
			);
			defaultConfigurationIsVisible = 0;
			defaultConfigurationName = Release;
		};
		5AFB3A131E9F701E00D84659 /* Build configuration list for PBXNativeTarget "TFTI_Final_ProjectUITests" */ = {
			isa = XCConfigurationList;
			buildConfigurations = (
				5AFB3A141E9F701E00D84659 /* Debug */,
				5AFB3A151E9F701E00D84659 /* Release */,
			);
			defaultConfigurationIsVisible = 0;
			defaultConfigurationName = Release;
		};
/* End XCConfigurationList section */
	};
	rootObject = 5AFB39D91E9F701D00D84659 /* Project object */;
}
